
Microsoft Visual Studio Solution File, Format Version 12.00
# Visual Studio Version 17
VisualStudioVersion = 17.0.31903.59
MinimumVisualStudioVersion = 10.0.40219.1
Project("{FAE04EC0-301F-11D3-BF4B-00C04F79EFBC}") = "Application", "Application\Application.csproj", "{EC031798-AE84-4893-9E46-30AE6C2D0FDA}"
EndProject
Project("{FAE04EC0-301F-11D3-BF4B-00C04F79EFBC}") = "Domain", "Domain\Domain.csproj", "{AE9C3B2F-C41D-41D5-B2D3-1DCB18D5E8EA}"
EndProject
Project("{FAE04EC0-301F-11D3-BF4B-00C04F79EFBC}") = "Persistence", "Persistence\Persistence.csproj", "{B8E63889-5384-412F-91FF-23F31340C606}"
EndProject
Project("{FAE04EC0-301F-11D3-BF4B-00C04F79EFBC}") = "API", "API\API.csproj", "{692D219C-A1A8-4B45-AF9E-B37505065F4A}"
EndProject
Project("{FAE04EC0-301F-11D3-BF4B-00C04F79EFBC}") = "Infrastructure", "Infrastructure\Infrastructure.csproj", "{40825119-E34E-4668-B995-9F91C7F02F0B}"
EndProject
Global
	GlobalSection(SolutionConfigurationPlatforms) = preSolution
		Debug|Any CPU = Debug|Any CPU
		Release|Any CPU = Release|Any CPU
	EndGlobalSection
	GlobalSection(SolutionProperties) = preSolution
		HideSolutionNode = FALSE
	EndGlobalSection
	GlobalSection(ProjectConfigurationPlatforms) = postSolution
		{EC031798-AE84-4893-9E46-30AE6C2D0FDA}.Debug|Any CPU.ActiveCfg = Debug|Any CPU
		{EC031798-AE84-4893-9E46-30AE6C2D0FDA}.Debug|Any CPU.Build.0 = Debug|Any CPU
		{EC031798-AE84-4893-9E46-30AE6C2D0FDA}.Release|Any CPU.ActiveCfg = Release|Any CPU
		{EC031798-AE84-4893-9E46-30AE6C2D0FDA}.Release|Any CPU.Build.0 = Release|Any CPU
		{AE9C3B2F-C41D-41D5-B2D3-1DCB18D5E8EA}.Debug|Any CPU.ActiveCfg = Debug|Any CPU
		{AE9C3B2F-C41D-41D5-B2D3-1DCB18D5E8EA}.Debug|Any CPU.Build.0 = Debug|Any CPU
		{AE9C3B2F-C41D-41D5-B2D3-1DCB18D5E8EA}.Release|Any CPU.ActiveCfg = Release|Any CPU
		{AE9C3B2F-C41D-41D5-B2D3-1DCB18D5E8EA}.Release|Any CPU.Build.0 = Release|Any CPU
		{B8E63889-5384-412F-91FF-23F31340C606}.Debug|Any CPU.ActiveCfg = Debug|Any CPU
		{B8E63889-5384-412F-91FF-23F31340C606}.Debug|Any CPU.Build.0 = Debug|Any CPU
		{B8E63889-5384-412F-91FF-23F31340C606}.Release|Any CPU.ActiveCfg = Release|Any CPU
		{B8E63889-5384-412F-91FF-23F31340C606}.Release|Any CPU.Build.0 = Release|Any CPU
		{692D219C-A1A8-4B45-AF9E-B37505065F4A}.Debug|Any CPU.ActiveCfg = Debug|Any CPU
		{692D219C-A1A8-4B45-AF9E-B37505065F4A}.Debug|Any CPU.Build.0 = Debug|Any CPU
		{692D219C-A1A8-4B45-AF9E-B37505065F4A}.Release|Any CPU.ActiveCfg = Release|Any CPU
		{692D219C-A1A8-4B45-AF9E-B37505065F4A}.Release|Any CPU.Build.0 = Release|Any CPU
		{40825119-E34E-4668-B995-9F91C7F02F0B}.Debug|Any CPU.ActiveCfg = Debug|Any CPU
		{40825119-E34E-4668-B995-9F91C7F02F0B}.Debug|Any CPU.Build.0 = Debug|Any CPU
		{40825119-E34E-4668-B995-9F91C7F02F0B}.Release|Any CPU.ActiveCfg = Release|Any CPU
		{40825119-E34E-4668-B995-9F91C7F02F0B}.Release|Any CPU.Build.0 = Release|Any CPU
	EndGlobalSection
EndGlobal
